
Microsoft Visual Studio Solution File, Format Version 12.00
# Visual Studio 15
VisualStudioVersion = 15.0.28307.645
MinimumVisualStudioVersion = 10.0.40219.1
Project("{8BC9CEB8-8B4A-11D0-8D11-00A0C91BC942}") = "maptool", "maptool\maptool.vcxproj", "{BF238FF1-0092-471D-8F5A-309DDCB8E6A2}"
EndProject
Global
	GlobalSection(SolutionConfigurationPlatforms) = preSolution
		Debug|x64 = Debug|x64
		Debug|x86 = Debug|x86
		Release|x64 = Release|x64
		Release|x86 = Release|x86
	EndGlobalSection
	GlobalSection(ProjectConfigurationPlatforms) = postSolution
		{BF238FF1-0092-471D-8F5A-309DDCB8E6A2}.Debug|x64.ActiveCfg = Debug|x64
		{BF238FF1-0092-471D-8F5A-309DDCB8E6A2}.Debug|x64.Build.0 = Debug|x64
		{BF238FF1-0092-471D-8F5A-309DDCB8E6A2}.Debug|x86.ActiveCfg = Debug|Win32
		{BF238FF1-0092-471D-8F5A-309DDCB8E6A2}.Debug|x86.Build.0 = Debug|Win32
		{BF238FF1-0092-471D-8F5A-309DDCB8E6A2}.Release|x64.ActiveCfg = Release|x64
		{BF238FF1-0092-471D-8F5A-309DDCB8E6A2}.Release|x64.Build.0 = Release|x64
		{BF238FF1-0092-471D-8F5A-309DDCB8E6A2}.Release|x86.ActiveCfg = Release|Win32
		{BF238FF1-0092-471D-8F5A-309DDCB8E6A2}.Release|x86.Build.0 = Release|Win32
	EndGlobalSection
	GlobalSection(SolutionProperties) = preSolution
		HideSolutionNode = FALSE
	EndGlobalSection
	GlobalSection(ExtensibilityGlobals) = postSolution
		SolutionGuid = {0D9E211D-633F-4469-87FF-98847AFD621A}
	EndGlobalSection
EndGlobal
